<?xml version="1.0" encoding="utf-8"?>
<Project ToolsVersion="4.0" xmlns="http://schemas.microsoft.com/developer/msbuild/2003">
  <ItemGroup>
    <Filter Include="Sesame">
      <UniqueIdentifier>{8396DFD0-6F38-0AA7-58F3-1DFB443491F7}</UniqueIdentifier>
    </Filter>
    <Filter Include="Sesame\Events">
      <UniqueIdentifier>{0771E083-7331-5CBA-3C6C-A537A8EBA096}</UniqueIdentifier>
    </Filter>
    <Filter Include="Sesame\Platform">
      <UniqueIdentifier>{37D6DE19-A361-4CDE-AC72-CFD2187DA8DE}</UniqueIdentifier>
    </Filter>
    <Filter Include="Sesame\Platform\Windows">
      <UniqueIdentifier>{71C71EAB-DDFE-6642-E608-CB6552BF8D3B}</UniqueIdentifier>
    </Filter>
  </ItemGroup>
  <ItemGroup>
    <ClInclude Include="src\Sesame.h" />
    <ClInclude Include="src\Sesame\Application.h">
      <Filter>Sesame</Filter>
    </ClInclude>
    <ClInclude Include="src\Sesame\Core.h">
      <Filter>Sesame</Filter>
    </ClInclude>
    <ClInclude Include="src\Sesame\EntryPoint.h">
      <Filter>Sesame</Filter>
    </ClInclude>
    <ClInclude Include="src\Sesame\Events\ApplicationEvent.h">
      <Filter>Sesame\Events</Filter>
    </ClInclude>
    <ClInclude Include="src\Sesame\Events\Event.h">
      <Filter>Sesame\Events</Filter>
    </ClInclude>
    <ClInclude Include="src\Sesame\Events\KeyEvent.h">
      <Filter>Sesame\Events</Filter>
    </ClInclude>
    <ClInclude Include="src\Sesame\Events\MouseEvent.h">
      <Filter>Sesame\Events</Filter>
    </ClInclude>
    <ClInclude Include="src\Sesame\Layer.h">
      <Filter>Sesame</Filter>
    </ClInclude>
    <ClInclude Include="src\Sesame\LayerStack.h">
      <Filter>Sesame</Filter>
    </ClInclude>
    <ClInclude Include="src\Sesame\Log.h">
      <Filter>Sesame</Filter>
    </ClInclude>
    <ClInclude Include="src\Sesame\Platform\Windows\WindowsWindow.h">
      <Filter>Sesame\Platform\Windows</Filter>
    </ClInclude>
    <ClInclude Include="src\Sesame\Window.h">
      <Filter>Sesame</Filter>
    </ClInclude>
    <ClInclude Include="src\ssmpch.h" />
  </ItemGroup>
  <ItemGroup>
    <ClCompile Include="src\Sesame\Application.cpp">
      <Filter>Sesame</Filter>
    </ClCompile>
    <ClCompile Include="src\Sesame\Layer.cpp">
      <Filter>Sesame</Filter>
    </ClCompile>
    <ClCompile Include="src\Sesame\LayerStack.cpp">
      <Filter>Sesame</Filter>
    </ClCompile>
    <ClCompile Include="src\Sesame\Log.cpp">
      <Filter>Sesame</Filter>
    </ClCompile>
    <ClCompile Include="src\Sesame\Platform\Windows\WindowsWindow.cpp">
      <Filter>Sesame\Platform\Windows</Filter>
    </ClCompile>
    <ClCompile Include="src\ssmpch.cpp" />
  </ItemGroup>
</Project>